// !$*UTF8*$!
{
	archiveVersion = 1;
	classes = {
	};
	objectVersion = 48;
	objects = {

/* Begin PBXBuildFile section */
		92C1171C2030251B0018CF2B /* AppDelegate.swift in Sources */ = {isa = PBXBuildFile; fileRef = 92C1171B2030251B0018CF2B /* AppDelegate.swift */; };
		92C1171E2030251B0018CF2B /* ViewController.swift in Sources */ = {isa = PBXBuildFile; fileRef = 92C1171D2030251B0018CF2B /* ViewController.swift */; };
		92C117212030251B0018CF2B /* Main.storyboard in Resources */ = {isa = PBXBuildFile; fileRef = 92C1171F2030251B0018CF2B /* Main.storyboard */; };
		92C117232030251B0018CF2B /* Assets.xcassets in Resources */ = {isa = PBXBuildFile; fileRef = 92C117222030251B0018CF2B /* Assets.xcassets */; };
		92C117262030251B0018CF2B /* LaunchScreen.storyboard in Resources */ = {isa = PBXBuildFile; fileRef = 92C117242030251B0018CF2B /* LaunchScreen.storyboard */; };
		92E67E1E2044F10300F025F7 /* DVRViewController.swift in Sources */ = {isa = PBXBuildFile; fileRef = 92E67E1D2044F10300F025F7 /* DVRViewController.swift */; };
/* End PBXBuildFile section */

/* Begin PBXFileReference section */
		92C117182030251B0018CF2B /* mdonatoHW4.app */ = {isa = PBXFileReference; explicitFileType = wrapper.application; includeInIndex = 0; path = mdonatoHW4.app; sourceTree = BUILT_PRODUCTS_DIR; };
		92C1171B2030251B0018CF2B /* AppDelegate.swift */ = {isa = PBXFileReference; lastKnownFileType = sourcecode.swift; path = AppDelegate.swift; sourceTree = "<group>"; };
		92C1171D2030251B0018CF2B /* ViewController.swift */ = {isa = PBXFileReference; lastKnownFileType = sourcecode.swift; path = ViewController.swift; sourceTree = "<group>"; };
		92C117202030251B0018CF2B /* Base */ = {isa = PBXFileReference; lastKnownFileType = file.storyboard; name = Base; path = Base.lproj/Main.storyboard; sourceTree = "<group>"; };
		92C117222030251B0018CF2B /* Assets.xcassets */ = {isa = PBXFileReference; lastKnownFileType = folder.assetcatalog; path = Assets.xcassets; sourceTree = "<group>"; };
		92C117252030251B0018CF2B /* Base */ = {isa = PBXFileReference; lastKnownFileType = file.storyboard; name = Base; path = Base.lproj/LaunchScreen.storyboard; sourceTree = "<group>"; };
		92C117272030251B0018CF2B /* Info.plist */ = {isa = PBXFileReference; lastKnownFileType = text.plist.xml; path = Info.plist; sourceTree = "<group>"; };
		92E67E1D2044F10300F025F7 /* DVRViewController.swift */ = {isa = PBXFileReference; lastKnownFileType = sourcecode.swift; path = DVRViewController.swift; sourceTree = "<group>"; };
/* End PBXFileReference section */

/* Begin PBXFrameworksBuildPhase section */
		92C117152030251A0018CF2B /* Frameworks */ = {
			isa = PBXFrameworksBuildPhase;
			buildActionMask = 2147483647;
			files = (
			);
			runOnlyForDeploymentPostprocessing = 0;
		};
/* End PBXFrameworksBuildPhase section */

/* Begin PBXGroup section */
		92C1170F2030251A0018CF2B = {
			isa = PBXGroup;
			children = (
				92C1171A2030251B0018CF2B /* mdonatoHW4 */,
				92C117192030251B0018CF2B /* Products */,
			);
			sourceTree = "<group>";
		};
		92C117192030251B0018CF2B /* Products */ = {
			isa = PBXGroup;
			children = (
				92C117182030251B0018CF2B /* mdonatoHW4.app */,
			);
			name = Products;
			sourceTree = "<group>";
		};
		92C1171A2030251B0018CF2B /* mdonatoHW4 */ = {
			isa = PBXGroup;
			children = (
				92C1171B2030251B0018CF2B /* AppDelegate.swift */,
				92C1171D2030251B0018CF2B /* ViewController.swift */,
				92C1171F2030251B0018CF2B /* Main.storyboard */,
				92E67E1D2044F10300F025F7 /* DVRViewController.swift */,
				92C117222030251B0018CF2B /* Assets.xcassets */,
				92C117242030251B0018CF2B /* LaunchScreen.storyboard */,
				92C117272030251B0018CF2B /* Info.plist */,
			);
			path = mdonatoHW4;
			sourceTree = "<group>";
		};
/* End PBXGroup section */

/* Begin PBXNativeTarget section */
		92C117172030251A0018CF2B /* mdonatoHW4 */ = {
			isa = PBXNativeTarget;
			buildConfigurationList = 92C1172A2030251B0018CF2B /* Build configuration list for PBXNativeTarget "mdonatoHW4" */;
			buildPhases = (
				92C117142030251A0018CF2B /* Sources */,
				92C117152030251A0018CF2B /* Frameworks */,
				92C117162030251A0018CF2B /* Resources */,
			);
			buildRules = (
			);
			dependencies = (
			);
			name = mdonatoHW4;
			productName = mdonatoHW4;
			productReference = 92C117182030251B0018CF2B /* mdonatoHW4.app */;
			productType = "com.apple.product-type.application";
		};
/* End PBXNativeTarget section */

/* Begin PBXProject section */
		92C117102030251A0018CF2B /* Project object */ = {
			isa = PBXProject;
			attributes = {
				LastSwiftUpdateCheck = 0920;
				LastUpgradeCheck = 0920;
				ORGANIZATIONNAME = "Michael Donato";
				TargetAttributes = {
					92C117172030251A0018CF2B = {
						CreatedOnToolsVersion = 9.2;
						ProvisioningStyle = Automatic;
					};
				};
			};
			buildConfigurationList = 92C117132030251A0018CF2B /* Build configuration list for PBXProject "mdonatoHW4" */;
			compatibilityVersion = "Xcode 8.0";
			developmentRegion = en;
			hasScannedForEncodings = 0;
			knownRegions = (
				en,
				Base,
			);
			mainGroup = 92C1170F2030251A0018CF2B;
			productRefGroup = 92C117192030251B0018CF2B /* Products */;
			projectDirPath = "";
			projectRoot = "";
			targets = (
				92C117172030251A0018CF2B /* mdonatoHW4 */,
			);
		};
/* End PBXProject section */

/* Begin PBXResourcesBuildPhase section */
		92C117162030251A0018CF2B /* Resources */ = {
			isa = PBXResourcesBuildPhase;
			buildActionMask = 2147483647;
			files = (
				92C117262030251B0018CF2B /* LaunchScreen.storyboard in Resources */,
				92C117232030251B0018CF2B /* Assets.xcassets in Resources */,
				92C117212030251B0018CF2B /* Main.storyboard in Resources */,
			);
			runOnlyForDeploymentPostprocessing = 0;
		};
/* End PBXResourcesBuildPhase section */

/* Begin PBXSourcesBuildPhase section */
		92C117142030251A0018CF2B /* Sources */ = {
			isa = PBXSourcesBuildPhase;
			buildActionMask = 2147483647;
			files = (
				92C1171E2030251B0018CF2B /* ViewController.swift in Sources */,
				92E67E1E2044F10300F025F7 /* DVRViewController.swift in Sources */,
				92C1171C2030251B0018CF2B /* AppDelegate.swift in Sources */,
			);
			runOnlyForDeploymentPostprocessing = 0;
		};
/* End PBXSourcesBuildPhase section */

/* Begin PBXVariantGroup section */
		92C1171F2030251B0018CF2B /* Main.storyboard */ = {
			isa = PBXVariantGroup;
			children = (
				92C117202030251B0018CF2B /* Base */,
			);
			name = Main.storyboard;
			sourceTree = "<group>";
		};
		92C117242030251B0018CF2B /* LaunchScreen.storyboard */ = {
			isa = PBXVariantGroup;
			children = (
				92C117252030251B0018CF2B /* Base */,
			);
			name = LaunchScreen.storyboard;
			sourceTree = "<group>";
		};
/* End PBXVariantGroup section */

/* Begin XCBuildConfiguration section */
		92C117282030251B0018CF2B /* Debug */ = {
			isa = XCBuildConfiguration;
			buildSettings = {
				ALWAYS_SEARCH_USER_PATHS = NO;
				CLANG_ANALYZER_NONNULL = YES;
				CLANG_ANALYZER_NUMBER_OBJECT_CONVERSION = YES_AGGRESSIVE;
				CLANG_CXX_LANGUAGE_STANDARD = "gnu++14";
				CLANG_CXX_LIBRARY = "libc++";
				CLANG_ENABLE_MODULES = YES;
				CLANG_ENABLE_OBJC_ARC = YES;
				CLANG_WARN_BLOCK_CAPTURE_AUTORELEASING = YES;
				CLANG_WARN_BOOL_CONVERSION = YES;
				CLANG_WARN_COMMA = YES;
				CLANG_WARN_CONSTANT_CONVERSION = YES;
				CLANG_WARN_DIRECT_OBJC_ISA_USAGE = YES_ERROR;
				CLANG_WARN_DOCUMENTATION_COMMENTS = YES;
				CLANG_WARN_EMPTY_BODY = YES;
				CLANG_WARN_ENUM_CONVERSION = YES;
				CLANG_WARN_INFINITE_RECURSION = YES;
				CLANG_WARN_INT_CONVERSION = YES;
				CLANG_WARN_NON_LITERAL_NULL_CONVERSION = YES;
				CLANG_WARN_OBJC_LITERAL_CONVERSION = YES;
				CLANG_WARN_OBJC_ROOT_CLASS = YES_ERROR;
				CLANG_WARN_RANGE_LOOP_ANALYSIS = YES;
				CLANG_WARN_STRICT_PROTOTYPES = YES;
				CLANG_WARN_SUSPICIOUS_MOVE = YES;
				CLANG_WARN_UNGUARDED_AVAILABILITY = YES_AGGRESSIVE;
				CLANG_WARN_UNREACHABLE_CODE = YES;
				CLANG_WARN__DUPLICATE_METHOD_MATCH = YES;
				CODE_SIGN_IDENTITY = "iPhone Developer";
				COPY_PHASE_STRIP = NO;
				DEBUG_INFORMATION_FORMAT = dwarf;
				ENABLE_STRICT_OBJC_MSGSEND = YES;
				ENABLE_TESTABILITY = YES;
				GCC_C_LANGUAGE_STANDARD = gnu11;
				GCC_DYNAMIC_NO_PIC = NO;
				GCC_NO_COMMON_BLOCKS = YES;
				GCC_OPTIMIZATION_LEVEL = 0;
				GCC_PREPROCESSOR_DEFINITIONS = (
					"DEBUG=1",
					"$(inherited)",
				);
				GCC_WARN_64_TO_32_BIT_CONVERSION = YES;
				GCC_WARN_ABOUT_RETURN_TYPE = YES_ERROR;
				GCC_WARN_UNDECLARED_SELECTOR = YES;
				GCC_WARN_UNINITIALIZED_AUTOS = YES_AGGRESSIVE;
				GCC_WARN_UNUSED_FUNCTION = YES;
				GCC_WARN_UNUSED_VARIABLE = YES;
				IPHONEOS_DEPLOYMENT_TARGET = 11.2;
				MTL_ENABLE_DEBUG_INFO = YES;
				ONLY_ACTIVE_ARCH = YES;
				SDKROOT = iphoneos;
				SWIFT_ACTIVE_COMPILATION_CONDITIONS = DEBUG;
				SWIFT_OPTIMIZATION_LEVEL = "-Onone";
			};
			name = Debug;
		};
		92C117292030251B0018CF2B /* Release */ = {
			isa = XCBuildConfiguration;
			buildSettings = {
				ALWAYS_SEARCH_USER_PATHS = NO;
				CLANG_ANALYZER_NONNULL = YES;
				CLANG_ANALYZER_NUMBER_OBJECT_CONVERSION = YES_AGGRESSIVE;
				CLANG_CXX_LANGUAGE_STANDARD = "gnu++14";
				CLANG_CXX_LIBRARY = "libc++";
				CLANG_ENABLE_MODULES = YES;
				CLANG_ENABLE_OBJC_ARC = YES;
				CLANG_WARN_BLOCK_CAPTURE_AUTORELEASING = YES;
				CLANG_WARN_BOOL_CONVERSION = YES;
				CLANG_WARN_COMMA = YES;
				CLANG_WARN_CONSTANT_CONVERSION = YES;
				CLANG_WARN_DIRECT_OBJC_ISA_USAGE = YES_ERROR;
				CLANG_WARN_DOCUMENTATION_COMMENTS = YES;
				CLANG_WARN_EMPTY_BODY = YES;
				CLANG_WARN_ENUM_CONVERSION = YES;
				CLANG_WARN_INFINITE_RECURSION = YES;
				CLANG_WARN_INT_CONVERSION = YES;
				CLANG_WARN_NON_LITERAL_NULL_CONVERSION = YES;
				CLANG_WARN_OBJC_LITERAL_CONVERSION = YES;
				CLANG_WARN_OBJC_ROOT_CLASS = YES_ERROR;
				CLANG_WARN_RANGE_LOOP_ANALYSIS = YES;
				CLANG_WARN_STRICT_PROTOTYPES = YES;
				CLANG_WARN_SUSPICIOUS_MOVE = YES;
				CLANG_WARN_UNGUARDED_AVAILABILITY = YES_AGGRESSIVE;
				CLANG_WARN_UNREACHABLE_CODE = YES;
				CLANG_WARN__DUPLICATE_METHOD_MATCH = YES;
				CODE_SIGN_IDENTITY = "iPhone Developer";
				COPY_PHASE_STRIP = NO;
				DEBUG_INFORMATION_FORMAT = "dwarf-with-dsym";
				ENABLE_NS_ASSERTIONS = NO;
				ENABLE_STRICT_OBJC_MSGSEND = YES;
				GCC_C_LANGUAGE_STANDARD = gnu11;
				GCC_NO_COMMON_BLOCKS = YES;
				GCC_WARN_64_TO_32_BIT_CONVERSION = YES;
				GCC_WARN_ABOUT_RETURN_TYPE = YES_ERROR;
				GCC_WARN_UNDECLARED_SELECTOR = YES;
				GCC_WARN_UNINITIALIZED_AUTOS = YES_AGGRESSIVE;
				GCC_WARN_UNUSED_FUNCTION = YES;
				GCC_WARN_UNUSED_VARIABLE = YES;
				IPHONEOS_DEPLOYMENT_TARGET = 11.2;
				MTL_ENABLE_DEBUG_INFO = NO;
				SDKROOT = iphoneos;
				SWIFT_OPTIMIZATION_LEVEL = "-Owholemodule";
				VALIDATE_PRODUCT = YES;
			};
			name = Release;
		};
		92C1172B2030251B0018CF2B /* Debug */ = {
			isa = XCBuildConfiguration;
			buildSettings = {
				ASSETCATALOG_COMPILER_APPICON_NAME = AppIcon;
				CODE_SIGN_STYLE = Automatic;
				DEVELOPMENT_TEAM = X6EHSER24E;
				INFOPLIST_FILE = mdonatoHW4/Info.plist;
				LD_RUNPATH_SEARCH_PATHS = "$(inherited) @executable_path/Frameworks";
				PRODUCT_BUNDLE_IDENTIFIER = com.mike.mdonatoHW4;
				PRODUCT_NAME = "$(TARGET_NAME)";
				SWIFT_VERSION = 4.0;
				TARGETED_DEVICE_FAMILY = "1,2";
			};
			name = Debug;
		};
		92C1172C2030251B0018CF2B /* Release */ = {
			isa = XCBuildConfiguration;
			buildSettings = {
				ASSETCATALOG_COMPILER_APPICON_NAME = AppIcon;
				CODE_SIGN_STYLE = Automatic;
				DEVELOPMENT_TEAM = X6EHSER24E;
				INFOPLIST_FILE = mdonatoHW4/Info.plist;
				LD_RUNPATH_SEARCH_PATHS = "$(inherited) @executable_path/Frameworks";
				PRODUCT_BUNDLE_IDENTIFIER = com.mike.mdonatoHW4;
				PRODUCT_NAME = "$(TARGET_NAME)";
				SWIFT_VERSION = 4.0;
				TARGETED_DEVICE_FAMILY = "1,2";
			};
			name = Release;
		};
/* End XCBuildConfiguration section */

/* Begin XCConfigurationList section */
		92C117132030251A0018CF2B /* Build configuration list for PBXProject "mdonatoHW4" */ = {
			isa = XCConfigurationList;
			buildConfigurations = (
				92C117282030251B0018CF2B /* Debug */,
				92C117292030251B0018CF2B /* Release */,
			);
			defaultConfigurationIsVisible = 0;
			defaultConfigurationName = Release;
		};
		92C1172A2030251B0018CF2B /* Build configuration list for PBXNativeTarget "mdonatoHW4" */ = {
			isa = XCConfigurationList;
			buildConfigurations = (
				92C1172B2030251B0018CF2B /* Debug */,
				92C1172C2030251B0018CF2B /* Release */,
			);
			defaultConfigurationIsVisible = 0;
			defaultConfigurationName = Release;
		};
/* End XCConfigurationList section */
	};
	rootObject = 92C117102030251A0018CF2B /* Project object */;
}
